# THIS IS AN AUTOGENERATED FILE. DO NOT EDIT THIS FILE DIRECTLY.
# yarn lockfile v1


"@improbable-eng/grpc-web-node-http-transport@^0.14.0":
  version "0.14.1"
  resolved "https://registry.yarnpkg.com/@improbable-eng/grpc-web-node-http-transport/-/grpc-web-node-http-transport-0.14.1.tgz#16c078db2e10aca9a8f7fb235a80b2fa447273a3"
  integrity sha512-ZsCTzI1iKUbmQjB5DNZSI5/hvdliuaPpS2h8mVj1QzynL3IFb5NrNnHVHbfcH1wbm26Ka6Z1CrKFGvKLrmbFIg==

"@improbable-eng/grpc-web@^0.12.0":
  version "0.12.0"
  resolved "https://registry.yarnpkg.com/@improbable-eng/grpc-web/-/grpc-web-0.12.0.tgz#9b10a7edf2a1d7672f8997e34a60e7b70e49738f"
  integrity sha512-uJjgMPngreRTYPBuo6gswMj1gK39Wbqre/RgE0XnSDXJRg6ST7ZhuS53dFE6Vc2CX4jxgl+cO+0B3op8LA4Q0Q==
  dependencies:
    browser-headers "^0.4.0"

"@improbable-eng/grpc-web@^0.14.0":
  version "0.14.1"
  resolved "https://registry.yarnpkg.com/@improbable-eng/grpc-web/-/grpc-web-0.14.1.tgz#f4662f64dc89c0f956a94bb8a3b576556c74589c"
  integrity sha512-XaIYuunepPxoiGVLLHmlnVminUGzBTnXr8Wv7khzmLWbNw4TCwJKX09GSMJlKhu/TRk6gms0ySFxewaETSBqgw==
  dependencies:
    browser-headers "^0.4.1"

"@onflow/fcl@0.0.73":
  version "0.0.73"
  resolved "https://registry.yarnpkg.com/@onflow/fcl/-/fcl-0.0.73.tgz#c90b86af4527559ddc0e2e2592203edbfbda926d"
  integrity sha512-A6HNPgfck51uBMyhuKoOQaH9Ro1Ma7iE45Q5imrjeAT0Jk1DLUgG78M28oFpt+mlCwhYFsLuyMVmVPwGsAL64w==
  dependencies:
    "@onflow/interaction" "0.0.11"
    "@onflow/rlp" "0.0.3"
    "@onflow/sdk" "0.0.50"
    "@onflow/types" "^0.0.4"
    "@onflow/util-actor" "0.0.2"
    "@onflow/util-address" "0.0.0"
    "@onflow/util-invariant" "0.0.0"
    "@onflow/util-template" "0.0.1"
    "@onflow/util-uid" "0.0.1"

"@onflow/interaction@0.0.11":
  version "0.0.11"
  resolved "https://registry.yarnpkg.com/@onflow/interaction/-/interaction-0.0.11.tgz#4db8f4304039e33d6fc3b14c38b392d724113374"
  integrity sha512-Xuq1Mmx6Wyba/F/L+QLQs0yJeQDsIDwy5SKk5vrCuVgIj0yD8k506g5L8ODrbM1LWll8i0tQsoOi0F85vNl5sA==

"@onflow/protobuf@^0.1.8":
  version "0.1.8"
  resolved "https://registry.yarnpkg.com/@onflow/protobuf/-/protobuf-0.1.8.tgz#1b790340efaa222e6e489d818ff426ce4739805d"
  integrity sha512-Taww31RrpJMr3fkWgF2HR2TcRbAoPbMjwRYt9IlYknyRX5YTzpaU35petdqDRfxwmfY9mRxHbiInujX4aV02Hw==
  dependencies:
    "@improbable-eng/grpc-web" "^0.12.0"
    google-protobuf "^3.11.4"

"@onflow/rlp@0.0.3", "@onflow/rlp@^0.0.3":
  version "0.0.3"
  resolved "https://registry.yarnpkg.com/@onflow/rlp/-/rlp-0.0.3.tgz#42e10944309732bfd9acca79710c8210b9aabd4c"
  integrity sha512-oAf0VEiMjX8eC6Vd66j1BdGYTHOM6UBaS/sLSScnc7bKX5gICqe2gtEsCeJVE9rUzRk3GD3JqXRnPAW6YFWd/Q==

"@onflow/sdk@0.0.50":
  version "0.0.50"
  resolved "https://registry.yarnpkg.com/@onflow/sdk/-/sdk-0.0.50.tgz#86dbd252c76b7d3b6860e52254e683004bb32a31"
  integrity sha512-A3g43Qx7OgeFfpgz9Tk4bJIE2xJ6zWe6FPGAm6Al+5OP+TNU5vdLcxKNgR+Pk2u+QVCYBaA0Jf4pncF9+K+pVw==
  dependencies:
    "@improbable-eng/grpc-web" "^0.14.0"
    "@improbable-eng/grpc-web-node-http-transport" "^0.14.0"
    "@onflow/protobuf" "^0.1.8"
    "@onflow/rlp" "^0.0.3"
    "@onflow/util-actor" "0.0.2"
    "@onflow/util-address" "^0.0.0"
    "@onflow/util-invariant" "^0.0.0"
    "@onflow/util-template" "0.0.1"
    deepmerge "^4.2.2"

"@onflow/types@^0.0.4":
  version "0.0.4"
  resolved "https://registry.yarnpkg.com/@onflow/types/-/types-0.0.4.tgz#d4a9c3e301d23182dd256b73d3679c952fe653f0"
  integrity sha512-47r0qTM45mR7FSvyEE0njGljkpgy3MCf/2W82pfZ/PTFGWr1nsGV/4j2bUfK9Sry4Ymz2W20iRZVP3xpqOhqGw==

"@onflow/util-actor@0.0.2":
  version "0.0.2"
  resolved "https://registry.yarnpkg.com/@onflow/util-actor/-/util-actor-0.0.2.tgz#51de2742d36a409931ff88183eeadf277e26f717"
  integrity sha512-NV3zPXQue3FqVgcIIMo6ifJOiP3hVSQTaR4ZrWLFU5iAZ/L73cTtBMbCB4BUFOe20ALtF2c9PFmpNVowCYV+nw==
  dependencies:
    queue-microtask "1.1.2"

"@onflow/util-address@0.0.0", "@onflow/util-address@^0.0.0":
  version "0.0.0"
  resolved "https://registry.yarnpkg.com/@onflow/util-address/-/util-address-0.0.0.tgz#f14696cdd8fb7808f1da59f1fde116621e901ebf"
  integrity sha512-Lzbw/wV3O1fmfXYF2q6iGLgHz/7ATsLXOHceP5tzeEAKNf+srdtTNJv5jhNGhpFFAtQ6TcomXURVMhUg+/4YbA==

"@onflow/util-invariant@0.0.0", "@onflow/util-invariant@^0.0.0":
  version "0.0.0"
  resolved "https://registry.yarnpkg.com/@onflow/util-invariant/-/util-invariant-0.0.0.tgz#4bb62f7022b211a0538d4b854105fcbdc3782a11"
  integrity sha512-ZCt+NqLdeHt9tZhb0DGxo6iSIS9oNUpLkd0PEMzUYUHr4UwrUO7VruV1AUW3PaF9V78DZ13fNZUiQEzdF76O/w==

"@onflow/util-template@0.0.1":
  version "0.0.1"
  resolved "https://registry.yarnpkg.com/@onflow/util-template/-/util-template-0.0.1.tgz#860fb884f52d078958c0cc2343cd34d6e85de49e"
  integrity sha512-qlJ0oq+QujnZRCOGYaw5OKSDpiDIOpwQMYlMe4Mbz//Wn+LOmUghoKZGmRP+YCgp7BJ4aB6AWW/7kL83NDy50A==

"@onflow/util-uid@0.0.1":
  version "0.0.1"
  resolved "https://registry.yarnpkg.com/@onflow/util-uid/-/util-uid-0.0.1.tgz#aae81c094bffffbca622854164a2cc5bca4df17a"
  integrity sha512-SzBscBdyn1Zoks0Wo/w7J/Ds9IZ/T+KM/wyWMwWla4PnxwBFviy1BytEQY+sM5q1UNOvaGWgGEoRmH/oOCcglA==

"@types/json5@^0.0.29":
  version "0.0.29"
  resolved "https://registry.yarnpkg.com/@types/json5/-/json5-0.0.29.tgz#ee28707ae94e11d2b827bcbe5270bcea7f3e71ee"
  integrity sha1-7ihweulOEdK4J7y+UnC86n8+ce4=

"@types/node@^14.14.35":
  version "14.18.16"
  resolved "https://registry.yarnpkg.com/@types/node/-/node-14.18.16.tgz#878f670ba3f00482bf859b6550b6010610fc54b5"
  integrity sha512-X3bUMdK/VmvrWdoTkz+VCn6nwKwrKCFTHtqwBIaQJNx4RUIBBUFXM00bqPz/DsDd+Icjmzm6/tyYZzeGVqb6/Q==

browser-headers@^0.4.0, browser-headers@^0.4.1:
  version "0.4.1"
  resolved "https://registry.yarnpkg.com/browser-headers/-/browser-headers-0.4.1.tgz#4308a7ad3b240f4203dbb45acedb38dc2d65dd02"
  integrity sha512-CA9hsySZVo9371qEHjHZtYxV2cFtVj5Wj/ZHi8ooEsrtm4vOnl9Y9HmyYWk9q+05d7K3rdoAE0j3MVEFVvtQtg==

deepmerge@^4.2.2:
  version "4.2.2"
  resolved "https://registry.yarnpkg.com/deepmerge/-/deepmerge-4.2.2.tgz#44d2ea3679b8f4d4ffba33f03d865fc1e7bf4955"
  integrity sha512-FJ3UgI4gIl+PHZm53knsuSFpE+nESMr7M4v9QcgB7S63Kj/6WqMiFQJpBBYz1Pt+66bZpP3Q7Lye0Oo9MPKEdg==

esbuild-register@^2.5.0:
  version "2.6.0"
  resolved "https://registry.yarnpkg.com/esbuild-register/-/esbuild-register-2.6.0.tgz#9f19a54c82be751dd87673d6a66d7b9e1cdd8498"
  integrity sha512-2u4AtnCXP5nivtIxZryiZOUcEQkOzFS7UhAqibUEmaTAThJ48gDLYTBF/Fsz+5r0hbV1jrFE6PQvPDUrKZNt/Q==
  dependencies:
    esbuild "^0.12.8"
    jsonc-parser "^3.0.0"

esbuild@^0.12.8:
  version "0.12.29"
  resolved "https://registry.yarnpkg.com/esbuild/-/esbuild-0.12.29.tgz#be602db7c4dc78944a9dbde0d1ea19d36c1f882d"
  integrity sha512-w/XuoBCSwepyiZtIRsKsetiLDUVGPVw1E/R3VTFSecIy8UR7Cq3SOtwKHJMFoVqqVG36aGkzh4e8BvpO1Fdc7g==

google-protobuf@^3.11.4:
  version "3.20.1"
  resolved "https://registry.yarnpkg.com/google-protobuf/-/google-protobuf-3.20.1.tgz#1b255c2b59bcda7c399df46c65206aa3c7a0ce8b"
  integrity sha512-XMf1+O32FjYIV3CYu6Tuh5PNbfNEU5Xu22X+Xkdb/DUexFlCzhvv7d5Iirm4AOwn8lv4al1YvIhzGrg2j9Zfzw==

json5@^1.0.1:
  version "1.0.1"
  resolved "https://registry.yarnpkg.com/json5/-/json5-1.0.1.tgz#779fb0018604fa854eacbf6252180d83543e3dbe"
  integrity sha512-aKS4WQjPenRxiQsC93MNfjx+nbF4PAdYzmd/1JIj8HYzqfbu86beTuNgXDzPknWk0n0uARlyewZo4s++ES36Ow==
  dependencies:
    minimist "^1.2.0"

jsonc-parser@^3.0.0:
  version "3.0.0"
  resolved "https://registry.yarnpkg.com/jsonc-parser/-/jsonc-parser-3.0.0.tgz#abdd785701c7e7eaca8a9ec8cf070ca51a745a22"
  integrity sha512-fQzRfAbIBnR0IQvftw9FJveWiHp72Fg20giDrHz6TdfB12UH/uue0D3hm57UB5KgAVuniLMCaS8P1IMj9NR7cA==

minimist@^1.2.0, minimist@^1.2.6:
  version "1.2.6"
  resolved "https://registry.yarnpkg.com/minimist/-/minimist-1.2.6.tgz#8637a5b759ea0d6e98702cfb3a9283323c93af44"
  integrity sha512-Jsjnk4bw3YJqYzbdyBiNsPWHPfO++UGG749Cxs6peCu5Xg4nrena6OVxOYxrQTqww0Jmwt+Ref8rggumkTLz9Q==

queue-microtask@1.1.2:
  version "1.1.2"
  resolved "https://registry.yarnpkg.com/queue-microtask/-/queue-microtask-1.1.2.tgz#139bf8186db0c545017ec66c2664ac646d5c571e"
  integrity sha512-F9wwNePtXrzZenAB3ax0Y8TSKGvuB7Qw16J30hspEUTbfUM+H827XyN3rlpwhVmtm5wuZtbKIHjOnwDn7MUxWQ==

strip-bom@^3.0.0:
  version "3.0.0"
  resolved "https://registry.yarnpkg.com/strip-bom/-/strip-bom-3.0.0.tgz#2334c18e9c759f7bdd56fdef7e9ae3d588e68ed3"
  integrity sha1-IzTBjpx1n3vdVv3vfprj1YjmjtM=

tsconfig-paths@^3.9.0:
  version "3.14.1"
  resolved "https://registry.yarnpkg.com/tsconfig-paths/-/tsconfig-paths-3.14.1.tgz#ba0734599e8ea36c862798e920bcf163277b137a"
  integrity sha512-fxDhWnFSLt3VuTwtvJt5fpwxBHg5AdKWMsgcPOOIilyjymcYVZoCQF8fvFRezCNfblEXmi+PcM1eYHeOAgXCOQ==
  dependencies:
    "@types/json5" "^0.0.29"
    json5 "^1.0.1"
    minimist "^1.2.6"
    strip-bom "^3.0.0"

typescript@^4.2.3:
  version "4.6.4"
  resolved "https://registry.yarnpkg.com/typescript/-/typescript-4.6.4.tgz#caa78bbc3a59e6a5c510d35703f6a09877ce45e9"
  integrity sha512-9ia/jWHIEbo49HfjrLGfKbZSuWo9iTMwXO+Ca3pRsSpbsMbc7/IU8NKdCZVRRBafVPGnoJeFL76ZOAA84I9fEg==
